
Microsoft Visual Studio Solution File, Format Version 12.00
# Visual Studio 15
VisualStudioVersion = 15.0.27703.2035
MinimumVisualStudioVersion = 10.0.40219.1
Project("{FAE04EC0-301F-11D3-BF4B-00C04F79EFBC}") = "OnlineShoppingCart", "OnlineShoppingCart\OnlineShoppingCart.csproj", "{18C6AC38-2998-42EB-A662-38E49BB6B53C}"
EndProject
Global
	GlobalSection(SolutionConfigurationPlatforms) = preSolution
		Debug|Any CPU = Debug|Any CPU
		Release|Any CPU = Release|Any CPU
	EndGlobalSection
	GlobalSection(ProjectConfigurationPlatforms) = postSolution
		{18C6AC38-2998-42EB-A662-38E49BB6B53C}.Debug|Any CPU.ActiveCfg = Debug|Any CPU
		{18C6AC38-2998-42EB-A662-38E49BB6B53C}.Debug|Any CPU.Build.0 = Debug|Any CPU
		{18C6AC38-2998-42EB-A662-38E49BB6B53C}.Release|Any CPU.ActiveCfg = Release|Any CPU
		{18C6AC38-2998-42EB-A662-38E49BB6B53C}.Release|Any CPU.Build.0 = Release|Any CPU
	EndGlobalSection
	GlobalSection(SolutionProperties) = preSolution
		HideSolutionNode = FALSE
	EndGlobalSection
	GlobalSection(ExtensibilityGlobals) = postSolution
		SolutionGuid = {96F0961E-68E8-4B59-AF67-D150A3DC179C}
	EndGlobalSection
EndGlobal
